// !$*UTF8*$!
{
	archiveVersion = 1;
	classes = {
	};
	objectVersion = 56;
	objects = {

/* Begin PBXBuildFile section */
		D33B844C28FE7FED00DFF271 /* AuthenticationManager.swift in Sources */ = {isa = PBXBuildFile; fileRef = D33B844B28FE7FED00DFF271 /* AuthenticationManager.swift */; };
		D33B844F28FF2A0B00DFF271 /* CredentialsLoginView.swift in Sources */ = {isa = PBXBuildFile; fileRef = D33B844E28FF2A0B00DFF271 /* CredentialsLoginView.swift */; };
		D3C90A4F28FE7BE0002C7B71 /* Face_ID_AuthorizationApp.swift in Sources */ = {isa = PBXBuildFile; fileRef = D3C90A4E28FE7BE0002C7B71 /* Face_ID_AuthorizationApp.swift */; };
		D3C90A5128FE7BE0002C7B71 /* ContentView.swift in Sources */ = {isa = PBXBuildFile; fileRef = D3C90A5028FE7BE0002C7B71 /* ContentView.swift */; };
		D3C90A5328FE7BE1002C7B71 /* Assets.xcassets in Resources */ = {isa = PBXBuildFile; fileRef = D3C90A5228FE7BE1002C7B71 /* Assets.xcassets */; };
		D3C90A5628FE7BE1002C7B71 /* Preview Assets.xcassets in Resources */ = {isa = PBXBuildFile; fileRef = D3C90A5528FE7BE1002C7B71 /* Preview Assets.xcassets */; };
		D3C90A5E28FE7C89002C7B71 /* Title.swift in Sources */ = {isa = PBXBuildFile; fileRef = D3C90A5D28FE7C89002C7B71 /* Title.swift */; };
		D3C90A6028FE7D29002C7B71 /* PrimaryButton.swift in Sources */ = {isa = PBXBuildFile; fileRef = D3C90A5F28FE7D29002C7B71 /* PrimaryButton.swift */; };
		D3C90A6428FE7EA3002C7B71 /* LoginView.swift in Sources */ = {isa = PBXBuildFile; fileRef = D3C90A6328FE7EA3002C7B71 /* LoginView.swift */; };
/* End PBXBuildFile section */

/* Begin PBXFileReference section */
		D33B844B28FE7FED00DFF271 /* AuthenticationManager.swift */ = {isa = PBXFileReference; lastKnownFileType = sourcecode.swift; path = AuthenticationManager.swift; sourceTree = "<group>"; };
		D33B844E28FF2A0B00DFF271 /* CredentialsLoginView.swift */ = {isa = PBXFileReference; lastKnownFileType = sourcecode.swift; path = CredentialsLoginView.swift; sourceTree = "<group>"; };
		D3C90A4B28FE7BE0002C7B71 /* Face ID Authorization.app */ = {isa = PBXFileReference; explicitFileType = wrapper.application; includeInIndex = 0; path = "Face ID Authorization.app"; sourceTree = BUILT_PRODUCTS_DIR; };
		D3C90A4E28FE7BE0002C7B71 /* Face_ID_AuthorizationApp.swift */ = {isa = PBXFileReference; lastKnownFileType = sourcecode.swift; path = Face_ID_AuthorizationApp.swift; sourceTree = "<group>"; };
		D3C90A5028FE7BE0002C7B71 /* ContentView.swift */ = {isa = PBXFileReference; lastKnownFileType = sourcecode.swift; path = ContentView.swift; sourceTree = "<group>"; };
		D3C90A5228FE7BE1002C7B71 /* Assets.xcassets */ = {isa = PBXFileReference; lastKnownFileType = folder.assetcatalog; path = Assets.xcassets; sourceTree = "<group>"; };
		D3C90A5528FE7BE1002C7B71 /* Preview Assets.xcassets */ = {isa = PBXFileReference; lastKnownFileType = folder.assetcatalog; path = "Preview Assets.xcassets"; sourceTree = "<group>"; };
		D3C90A5D28FE7C89002C7B71 /* Title.swift */ = {isa = PBXFileReference; lastKnownFileType = sourcecode.swift; path = Title.swift; sourceTree = "<group>"; };
		D3C90A5F28FE7D29002C7B71 /* PrimaryButton.swift */ = {isa = PBXFileReference; lastKnownFileType = sourcecode.swift; path = PrimaryButton.swift; sourceTree = "<group>"; };
		D3C90A6328FE7EA3002C7B71 /* LoginView.swift */ = {isa = PBXFileReference; lastKnownFileType = sourcecode.swift; path = LoginView.swift; sourceTree = "<group>"; };
/* End PBXFileReference section */

/* Begin PBXFrameworksBuildPhase section */
		D3C90A4828FE7BE0002C7B71 /* Frameworks */ = {
			isa = PBXFrameworksBuildPhase;
			buildActionMask = 2147483647;
			files = (
			);
			runOnlyForDeploymentPostprocessing = 0;
		};
/* End PBXFrameworksBuildPhase section */

/* Begin PBXGroup section */
		D33B844D28FE8F3200DFF271 /* Model */ = {
			isa = PBXGroup;
			children = (
				D33B844B28FE7FED00DFF271 /* AuthenticationManager.swift */,
			);
			path = Model;
			sourceTree = "<group>";
		};
		D3C90A4228FE7BE0002C7B71 = {
			isa = PBXGroup;
			children = (
				D3C90A4D28FE7BE0002C7B71 /* Face ID Authorization */,
				D3C90A4C28FE7BE0002C7B71 /* Products */,
			);
			sourceTree = "<group>";
		};
		D3C90A4C28FE7BE0002C7B71 /* Products */ = {
			isa = PBXGroup;
			children = (
				D3C90A4B28FE7BE0002C7B71 /* Face ID Authorization.app */,
			);
			name = Products;
			sourceTree = "<group>";
		};
		D3C90A4D28FE7BE0002C7B71 /* Face ID Authorization */ = {
			isa = PBXGroup;
			children = (
				D3C90A6228FE7E7F002C7B71 /* App */,
				D33B844D28FE8F3200DFF271 /* Model */,
				D3C90A6128FE7E76002C7B71 /* Views */,
				D3C90A5C28FE7C5C002C7B71 /* Components */,
				D3C90A5228FE7BE1002C7B71 /* Assets.xcassets */,
				D3C90A5428FE7BE1002C7B71 /* Preview Content */,
			);
			path = "Face ID Authorization";
			sourceTree = "<group>";
		};
		D3C90A5428FE7BE1002C7B71 /* Preview Content */ = {
			isa = PBXGroup;
			children = (
				D3C90A5528FE7BE1002C7B71 /* Preview Assets.xcassets */,
			);
			path = "Preview Content";
			sourceTree = "<group>";
		};
		D3C90A5C28FE7C5C002C7B71 /* Components */ = {
			isa = PBXGroup;
			children = (
				D3C90A5D28FE7C89002C7B71 /* Title.swift */,
				D3C90A5F28FE7D29002C7B71 /* PrimaryButton.swift */,
			);
			path = Components;
			sourceTree = "<group>";
		};
		D3C90A6128FE7E76002C7B71 /* Views */ = {
			isa = PBXGroup;
			children = (
				D3C90A5028FE7BE0002C7B71 /* ContentView.swift */,
				D33B844E28FF2A0B00DFF271 /* CredentialsLoginView.swift */,
				D3C90A6328FE7EA3002C7B71 /* LoginView.swift */,
			);
			path = Views;
			sourceTree = "<group>";
		};
		D3C90A6228FE7E7F002C7B71 /* App */ = {
			isa = PBXGroup;
			children = (
				D3C90A4E28FE7BE0002C7B71 /* Face_ID_AuthorizationApp.swift */,
			);
			path = App;
			sourceTree = "<group>";
		};
/* End PBXGroup section */

/* Begin PBXNativeTarget section */
		D3C90A4A28FE7BE0002C7B71 /* Face ID Authorization */ = {
			isa = PBXNativeTarget;
			buildConfigurationList = D3C90A5928FE7BE1002C7B71 /* Build configuration list for PBXNativeTarget "Face ID Authorization" */;
			buildPhases = (
				D3C90A4728FE7BE0002C7B71 /* Sources */,
				D3C90A4828FE7BE0002C7B71 /* Frameworks */,
				D3C90A4928FE7BE0002C7B71 /* Resources */,
			);
			buildRules = (
			);
			dependencies = (
			);
			name = "Face ID Authorization";
			productName = "Face ID Authorization";
			productReference = D3C90A4B28FE7BE0002C7B71 /* Face ID Authorization.app */;
			productType = "com.apple.product-type.application";
		};
/* End PBXNativeTarget section */

/* Begin PBXProject section */
		D3C90A4328FE7BE0002C7B71 /* Project object */ = {
			isa = PBXProject;
			attributes = {
				BuildIndependentTargetsInParallel = 1;
				LastSwiftUpdateCheck = 1400;
				LastUpgradeCheck = 1400;
				TargetAttributes = {
					D3C90A4A28FE7BE0002C7B71 = {
						CreatedOnToolsVersion = 14.0.1;
					};
				};
			};
			buildConfigurationList = D3C90A4628FE7BE0002C7B71 /* Build configuration list for PBXProject "Face ID Authorization" */;
			compatibilityVersion = "Xcode 14.0";
			developmentRegion = en;
			hasScannedForEncodings = 0;
			knownRegions = (
				en,
				Base,
			);
			mainGroup = D3C90A4228FE7BE0002C7B71;
			productRefGroup = D3C90A4C28FE7BE0002C7B71 /* Products */;
			projectDirPath = "";
			projectRoot = "";
			targets = (
				D3C90A4A28FE7BE0002C7B71 /* Face ID Authorization */,
			);
		};
/* End PBXProject section */

/* Begin PBXResourcesBuildPhase section */
		D3C90A4928FE7BE0002C7B71 /* Resources */ = {
			isa = PBXResourcesBuildPhase;
			buildActionMask = 2147483647;
			files = (
				D3C90A5628FE7BE1002C7B71 /* Preview Assets.xcassets in Resources */,
				D3C90A5328FE7BE1002C7B71 /* Assets.xcassets in Resources */,
			);
			runOnlyForDeploymentPostprocessing = 0;
		};
/* End PBXResourcesBuildPhase section */

/* Begin PBXSourcesBuildPhase section */
		D3C90A4728FE7BE0002C7B71 /* Sources */ = {
			isa = PBXSourcesBuildPhase;
			buildActionMask = 2147483647;
			files = (
				D3C90A5128FE7BE0002C7B71 /* ContentView.swift in Sources */,
				D3C90A5E28FE7C89002C7B71 /* Title.swift in Sources */,
				D33B844F28FF2A0B00DFF271 /* CredentialsLoginView.swift in Sources */,
				D3C90A6028FE7D29002C7B71 /* PrimaryButton.swift in Sources */,
				D33B844C28FE7FED00DFF271 /* AuthenticationManager.swift in Sources */,
				D3C90A6428FE7EA3002C7B71 /* LoginView.swift in Sources */,
				D3C90A4F28FE7BE0002C7B71 /* Face_ID_AuthorizationApp.swift in Sources */,
			);
			runOnlyForDeploymentPostprocessing = 0;
		};
/* End PBXSourcesBuildPhase section */

/* Begin XCBuildConfiguration section */
		D3C90A5728FE7BE1002C7B71 /* Debug */ = {
			isa = XCBuildConfiguration;
			buildSettings = {
				ALWAYS_SEARCH_USER_PATHS = NO;
				CLANG_ANALYZER_NONNULL = YES;
				CLANG_ANALYZER_NUMBER_OBJECT_CONVERSION = YES_AGGRESSIVE;
				CLANG_CXX_LANGUAGE_STANDARD = "gnu++20";
				CLANG_ENABLE_MODULES = YES;
				CLANG_ENABLE_OBJC_ARC = YES;
				CLANG_ENABLE_OBJC_WEAK = YES;
				CLANG_WARN_BLOCK_CAPTURE_AUTORELEASING = YES;
				CLANG_WARN_BOOL_CONVERSION = YES;
				CLANG_WARN_COMMA = YES;
				CLANG_WARN_CONSTANT_CONVERSION = YES;
				CLANG_WARN_DEPRECATED_OBJC_IMPLEMENTATIONS = YES;
				CLANG_WARN_DIRECT_OBJC_ISA_USAGE = YES_ERROR;
				CLANG_WARN_DOCUMENTATION_COMMENTS = YES;
				CLANG_WARN_EMPTY_BODY = YES;
				CLANG_WARN_ENUM_CONVERSION = YES;
				CLANG_WARN_INFINITE_RECURSION = YES;
				CLANG_WARN_INT_CONVERSION = YES;
				CLANG_WARN_NON_LITERAL_NULL_CONVERSION = YES;
				CLANG_WARN_OBJC_IMPLICIT_RETAIN_SELF = YES;
				CLANG_WARN_OBJC_LITERAL_CONVERSION = YES;
				CLANG_WARN_OBJC_ROOT_CLASS = YES_ERROR;
				CLANG_WARN_QUOTED_INCLUDE_IN_FRAMEWORK_HEADER = YES;
				CLANG_WARN_RANGE_LOOP_ANALYSIS = YES;
				CLANG_WARN_STRICT_PROTOTYPES = YES;
				CLANG_WARN_SUSPICIOUS_MOVE = YES;
				CLANG_WARN_UNGUARDED_AVAILABILITY = YES_AGGRESSIVE;
				CLANG_WARN_UNREACHABLE_CODE = YES;
				CLANG_WARN__DUPLICATE_METHOD_MATCH = YES;
				COPY_PHASE_STRIP = NO;
				DEBUG_INFORMATION_FORMAT = dwarf;
				ENABLE_STRICT_OBJC_MSGSEND = YES;
				ENABLE_TESTABILITY = YES;
				GCC_C_LANGUAGE_STANDARD = gnu11;
				GCC_DYNAMIC_NO_PIC = NO;
				GCC_NO_COMMON_BLOCKS = YES;
				GCC_OPTIMIZATION_LEVEL = 0;
				GCC_PREPROCESSOR_DEFINITIONS = (
					"DEBUG=1",
					"$(inherited)",
				);
				GCC_WARN_64_TO_32_BIT_CONVERSION = YES;
				GCC_WARN_ABOUT_RETURN_TYPE = YES_ERROR;
				GCC_WARN_UNDECLARED_SELECTOR = YES;
				GCC_WARN_UNINITIALIZED_AUTOS = YES_AGGRESSIVE;
				GCC_WARN_UNUSED_FUNCTION = YES;
				GCC_WARN_UNUSED_VARIABLE = YES;
				IPHONEOS_DEPLOYMENT_TARGET = 16.0;
				MTL_ENABLE_DEBUG_INFO = INCLUDE_SOURCE;
				MTL_FAST_MATH = YES;
				ONLY_ACTIVE_ARCH = YES;
				SDKROOT = iphoneos;
				SWIFT_ACTIVE_COMPILATION_CONDITIONS = DEBUG;
				SWIFT_OPTIMIZATION_LEVEL = "-Onone";
			};
			name = Debug;
		};
		D3C90A5828FE7BE1002C7B71 /* Release */ = {
			isa = XCBuildConfiguration;
			buildSettings = {
				ALWAYS_SEARCH_USER_PATHS = NO;
				CLANG_ANALYZER_NONNULL = YES;
				CLANG_ANALYZER_NUMBER_OBJECT_CONVERSION = YES_AGGRESSIVE;
				CLANG_CXX_LANGUAGE_STANDARD = "gnu++20";
				CLANG_ENABLE_MODULES = YES;
				CLANG_ENABLE_OBJC_ARC = YES;
				CLANG_ENABLE_OBJC_WEAK = YES;
				CLANG_WARN_BLOCK_CAPTURE_AUTORELEASING = YES;
				CLANG_WARN_BOOL_CONVERSION = YES;
				CLANG_WARN_COMMA = YES;
				CLANG_WARN_CONSTANT_CONVERSION = YES;
				CLANG_WARN_DEPRECATED_OBJC_IMPLEMENTATIONS = YES;
				CLANG_WARN_DIRECT_OBJC_ISA_USAGE = YES_ERROR;
				CLANG_WARN_DOCUMENTATION_COMMENTS = YES;
				CLANG_WARN_EMPTY_BODY = YES;
				CLANG_WARN_ENUM_CONVERSION = YES;
				CLANG_WARN_INFINITE_RECURSION = YES;
				CLANG_WARN_INT_CONVERSION = YES;
				CLANG_WARN_NON_LITERAL_NULL_CONVERSION = YES;
				CLANG_WARN_OBJC_IMPLICIT_RETAIN_SELF = YES;
				CLANG_WARN_OBJC_LITERAL_CONVERSION = YES;
				CLANG_WARN_OBJC_ROOT_CLASS = YES_ERROR;
				CLANG_WARN_QUOTED_INCLUDE_IN_FRAMEWORK_HEADER = YES;
				CLANG_WARN_RANGE_LOOP_ANALYSIS = YES;
				CLANG_WARN_STRICT_PROTOTYPES = YES;
				CLANG_WARN_SUSPICIOUS_MOVE = YES;
				CLANG_WARN_UNGUARDED_AVAILABILITY = YES_AGGRESSIVE;
				CLANG_WARN_UNREACHABLE_CODE = YES;
				CLANG_WARN__DUPLICATE_METHOD_MATCH = YES;
				COPY_PHASE_STRIP = NO;
				DEBUG_INFORMATION_FORMAT = "dwarf-with-dsym";
				ENABLE_NS_ASSERTIONS = NO;
				ENABLE_STRICT_OBJC_MSGSEND = YES;
				GCC_C_LANGUAGE_STANDARD = gnu11;
				GCC_NO_COMMON_BLOCKS = YES;
				GCC_WARN_64_TO_32_BIT_CONVERSION = YES;
				GCC_WARN_ABOUT_RETURN_TYPE = YES_ERROR;
				GCC_WARN_UNDECLARED_SELECTOR = YES;
				GCC_WARN_UNINITIALIZED_AUTOS = YES_AGGRESSIVE;
				GCC_WARN_UNUSED_FUNCTION = YES;
				GCC_WARN_UNUSED_VARIABLE = YES;
				IPHONEOS_DEPLOYMENT_TARGET = 16.0;
				MTL_ENABLE_DEBUG_INFO = NO;
				MTL_FAST_MATH = YES;
				SDKROOT = iphoneos;
				SWIFT_COMPILATION_MODE = wholemodule;
				SWIFT_OPTIMIZATION_LEVEL = "-O";
				VALIDATE_PRODUCT = YES;
			};
			name = Release;
		};
		D3C90A5A28FE7BE1002C7B71 /* Debug */ = {
			isa = XCBuildConfiguration;
			buildSettings = {
				ASSETCATALOG_COMPILER_APPICON_NAME = AppIcon;
				ASSETCATALOG_COMPILER_GLOBAL_ACCENT_COLOR_NAME = AccentColor;
				CODE_SIGN_STYLE = Automatic;
				CURRENT_PROJECT_VERSION = 1;
				DEVELOPMENT_ASSET_PATHS = "\"Face ID Authorization/Preview Content\"";
				DEVELOPMENT_TEAM = 95S4N2TWZ7;
				ENABLE_PREVIEWS = YES;
				GENERATE_INFOPLIST_FILE = YES;
				INFOPLIST_KEY_NSFaceIDUsageDescription = "Allow face id to allow into the app";
				INFOPLIST_KEY_UIApplicationSceneManifest_Generation = YES;
				INFOPLIST_KEY_UIApplicationSupportsIndirectInputEvents = YES;
				INFOPLIST_KEY_UILaunchScreen_Generation = YES;
				INFOPLIST_KEY_UISupportedInterfaceOrientations = UIInterfaceOrientationPortrait;
				INFOPLIST_KEY_UISupportedInterfaceOrientations_iPad = "UIInterfaceOrientationLandscapeLeft UIInterfaceOrientationLandscapeRight UIInterfaceOrientationPortrait UIInterfaceOrientationPortraitUpsideDown";
				LD_RUNPATH_SEARCH_PATHS = (
					"$(inherited)",
					"@executable_path/Frameworks",
				);
				MARKETING_VERSION = 1.0;
				PRODUCT_BUNDLE_IDENTIFIER = "com.abylay.Face-ID-Authorization";
				PRODUCT_NAME = "$(TARGET_NAME)";
				SUPPORTED_PLATFORMS = "iphoneos iphonesimulator";
				SUPPORTS_MACCATALYST = NO;
				SUPPORTS_MAC_DESIGNED_FOR_IPHONE_IPAD = NO;
				SWIFT_EMIT_LOC_STRINGS = YES;
				SWIFT_VERSION = 5.0;
				TARGETED_DEVICE_FAMILY = 1;
			};
			name = Debug;
		};
		D3C90A5B28FE7BE1002C7B71 /* Release */ = {
			isa = XCBuildConfiguration;
			buildSettings = {
				ASSETCATALOG_COMPILER_APPICON_NAME = AppIcon;
				ASSETCATALOG_COMPILER_GLOBAL_ACCENT_COLOR_NAME = AccentColor;
				CODE_SIGN_STYLE = Automatic;
				CURRENT_PROJECT_VERSION = 1;
				DEVELOPMENT_ASSET_PATHS = "\"Face ID Authorization/Preview Content\"";
				DEVELOPMENT_TEAM = 95S4N2TWZ7;
				ENABLE_PREVIEWS = YES;
				GENERATE_INFOPLIST_FILE = YES;
				INFOPLIST_KEY_NSFaceIDUsageDescription = "Allow face id to allow into the app";
				INFOPLIST_KEY_UIApplicationSceneManifest_Generation = YES;
				INFOPLIST_KEY_UIApplicationSupportsIndirectInputEvents = YES;
				INFOPLIST_KEY_UILaunchScreen_Generation = YES;
				INFOPLIST_KEY_UISupportedInterfaceOrientations = UIInterfaceOrientationPortrait;
				INFOPLIST_KEY_UISupportedInterfaceOrientations_iPad = "UIInterfaceOrientationLandscapeLeft UIInterfaceOrientationLandscapeRight UIInterfaceOrientationPortrait UIInterfaceOrientationPortraitUpsideDown";
				LD_RUNPATH_SEARCH_PATHS = (
					"$(inherited)",
					"@executable_path/Frameworks",
				);
				MARKETING_VERSION = 1.0;
				PRODUCT_BUNDLE_IDENTIFIER = "com.abylay.Face-ID-Authorization";
				PRODUCT_NAME = "$(TARGET_NAME)";
				SUPPORTED_PLATFORMS = "iphoneos iphonesimulator";
				SUPPORTS_MACCATALYST = NO;
				SUPPORTS_MAC_DESIGNED_FOR_IPHONE_IPAD = NO;
				SWIFT_EMIT_LOC_STRINGS = YES;
				SWIFT_VERSION = 5.0;
				TARGETED_DEVICE_FAMILY = 1;
			};
			name = Release;
		};
/* End XCBuildConfiguration section */

/* Begin XCConfigurationList section */
		D3C90A4628FE7BE0002C7B71 /* Build configuration list for PBXProject "Face ID Authorization" */ = {
			isa = XCConfigurationList;
			buildConfigurations = (
				D3C90A5728FE7BE1002C7B71 /* Debug */,
				D3C90A5828FE7BE1002C7B71 /* Release */,
			);
			defaultConfigurationIsVisible = 0;
			defaultConfigurationName = Release;
		};
		D3C90A5928FE7BE1002C7B71 /* Build configuration list for PBXNativeTarget "Face ID Authorization" */ = {
			isa = XCConfigurationList;
			buildConfigurations = (
				D3C90A5A28FE7BE1002C7B71 /* Debug */,
				D3C90A5B28FE7BE1002C7B71 /* Release */,
			);
			defaultConfigurationIsVisible = 0;
			defaultConfigurationName = Release;
		};
/* End XCConfigurationList section */
	};
	rootObject = D3C90A4328FE7BE0002C7B71 /* Project object */;
}
